
Microsoft Visual Studio Solution File, Format Version 12.00
# Visual Studio Version 17
VisualStudioVersion = 17.5.2.0
MinimumVisualStudioVersion = 10.0.40219.1
Project("{FAE04EC0-301F-11D3-BF4B-00C04F79EFBC}") = "VerseOps.App", "VerseOps.App\VerseOps.App.csproj", "{E334A18B-7F34-4A13-9A5B-7C08A61A469B}"
EndProject
Project("{FAE04EC0-301F-11D3-BF4B-00C04F79EFBC}") = "VerseOps.UiTests", "VerseOps.UiTests\VerseOps.UiTests.csproj", "{A5274FE7-EB0E-41CE-BECF-938EAD20F7D2}"
EndProject
Project("{FAE04EC0-301F-11D3-BF4B-00C04F79EFBC}") = "VerseOps.SdkTests", "VerseOps.SdkTests\VerseOps.SdkTests.csproj", "{3B24D6C1-85F5-4E58-9B0A-FD0AAD4CFEEA}"
EndProject
Project("{FAE04EC0-301F-11D3-BF4B-00C04F79EFBC}") = "VerseOps.Api.Core", "VerseOps.Api.Core\VerseOps.Api.Core.csproj", "{2C2233FE-1F2A-4128-A46C-4ED13870E8F9}"
EndProject
Global
	GlobalSection(SolutionConfigurationPlatforms) = preSolution
		Debug|Any CPU = Debug|Any CPU
		Debug|x64 = Debug|x64
		Debug|x86 = Debug|x86
		Release|Any CPU = Release|Any CPU
		Release|x64 = Release|x64
		Release|x86 = Release|x86
	EndGlobalSection
	GlobalSection(ProjectConfigurationPlatforms) = postSolution
		{E334A18B-7F34-4A13-9A5B-7C08A61A469B}.Debug|Any CPU.ActiveCfg = Debug|Any CPU
		{E334A18B-7F34-4A13-9A5B-7C08A61A469B}.Debug|Any CPU.Build.0 = Debug|Any CPU
		{E334A18B-7F34-4A13-9A5B-7C08A61A469B}.Debug|x64.ActiveCfg = Debug|Any CPU
		{E334A18B-7F34-4A13-9A5B-7C08A61A469B}.Debug|x64.Build.0 = Debug|Any CPU
		{E334A18B-7F34-4A13-9A5B-7C08A61A469B}.Debug|x86.ActiveCfg = Debug|Any CPU
		{E334A18B-7F34-4A13-9A5B-7C08A61A469B}.Debug|x86.Build.0 = Debug|Any CPU
		{E334A18B-7F34-4A13-9A5B-7C08A61A469B}.Release|Any CPU.ActiveCfg = Release|Any CPU
		{E334A18B-7F34-4A13-9A5B-7C08A61A469B}.Release|Any CPU.Build.0 = Release|Any CPU
		{E334A18B-7F34-4A13-9A5B-7C08A61A469B}.Release|x64.ActiveCfg = Release|Any CPU
		{E334A18B-7F34-4A13-9A5B-7C08A61A469B}.Release|x64.Build.0 = Release|Any CPU
		{E334A18B-7F34-4A13-9A5B-7C08A61A469B}.Release|x86.ActiveCfg = Release|Any CPU
		{E334A18B-7F34-4A13-9A5B-7C08A61A469B}.Release|x86.Build.0 = Release|Any CPU
		{A5274FE7-EB0E-41CE-BECF-938EAD20F7D2}.Debug|Any CPU.ActiveCfg = Debug|Any CPU
		{A5274FE7-EB0E-41CE-BECF-938EAD20F7D2}.Debug|Any CPU.Build.0 = Debug|Any CPU
		{A5274FE7-EB0E-41CE-BECF-938EAD20F7D2}.Debug|x64.ActiveCfg = Debug|Any CPU
		{A5274FE7-EB0E-41CE-BECF-938EAD20F7D2}.Debug|x64.Build.0 = Debug|Any CPU
		{A5274FE7-EB0E-41CE-BECF-938EAD20F7D2}.Debug|x86.ActiveCfg = Debug|Any CPU
		{A5274FE7-EB0E-41CE-BECF-938EAD20F7D2}.Debug|x86.Build.0 = Debug|Any CPU
		{A5274FE7-EB0E-41CE-BECF-938EAD20F7D2}.Release|Any CPU.ActiveCfg = Release|Any CPU
		{A5274FE7-EB0E-41CE-BECF-938EAD20F7D2}.Release|Any CPU.Build.0 = Release|Any CPU
		{A5274FE7-EB0E-41CE-BECF-938EAD20F7D2}.Release|x64.ActiveCfg = Release|Any CPU
		{A5274FE7-EB0E-41CE-BECF-938EAD20F7D2}.Release|x64.Build.0 = Release|Any CPU
		{A5274FE7-EB0E-41CE-BECF-938EAD20F7D2}.Release|x86.ActiveCfg = Release|Any CPU
		{A5274FE7-EB0E-41CE-BECF-938EAD20F7D2}.Release|x86.Build.0 = Release|Any CPU
		{3B24D6C1-85F5-4E58-9B0A-FD0AAD4CFEEA}.Debug|Any CPU.ActiveCfg = Debug|Any CPU
		{3B24D6C1-85F5-4E58-9B0A-FD0AAD4CFEEA}.Debug|Any CPU.Build.0 = Debug|Any CPU
		{3B24D6C1-85F5-4E58-9B0A-FD0AAD4CFEEA}.Debug|x64.ActiveCfg = Debug|Any CPU
		{3B24D6C1-85F5-4E58-9B0A-FD0AAD4CFEEA}.Debug|x64.Build.0 = Debug|Any CPU
		{3B24D6C1-85F5-4E58-9B0A-FD0AAD4CFEEA}.Debug|x86.ActiveCfg = Debug|Any CPU
		{3B24D6C1-85F5-4E58-9B0A-FD0AAD4CFEEA}.Debug|x86.Build.0 = Debug|Any CPU
		{3B24D6C1-85F5-4E58-9B0A-FD0AAD4CFEEA}.Release|Any CPU.ActiveCfg = Release|Any CPU
		{3B24D6C1-85F5-4E58-9B0A-FD0AAD4CFEEA}.Release|Any CPU.Build.0 = Release|Any CPU
		{3B24D6C1-85F5-4E58-9B0A-FD0AAD4CFEEA}.Release|x64.ActiveCfg = Release|Any CPU
		{3B24D6C1-85F5-4E58-9B0A-FD0AAD4CFEEA}.Release|x64.Build.0 = Release|Any CPU
		{3B24D6C1-85F5-4E58-9B0A-FD0AAD4CFEEA}.Release|x86.ActiveCfg = Release|Any CPU
		{3B24D6C1-85F5-4E58-9B0A-FD0AAD4CFEEA}.Release|x86.Build.0 = Release|Any CPU
		{2C2233FE-1F2A-4128-A46C-4ED13870E8F9}.Debug|Any CPU.ActiveCfg = Debug|Any CPU
		{2C2233FE-1F2A-4128-A46C-4ED13870E8F9}.Debug|Any CPU.Build.0 = Debug|Any CPU
		{2C2233FE-1F2A-4128-A46C-4ED13870E8F9}.Debug|x64.ActiveCfg = Debug|Any CPU
		{2C2233FE-1F2A-4128-A46C-4ED13870E8F9}.Debug|x64.Build.0 = Debug|Any CPU
		{2C2233FE-1F2A-4128-A46C-4ED13870E8F9}.Debug|x86.ActiveCfg = Debug|Any CPU
		{2C2233FE-1F2A-4128-A46C-4ED13870E8F9}.Debug|x86.Build.0 = Debug|Any CPU
		{2C2233FE-1F2A-4128-A46C-4ED13870E8F9}.Release|Any CPU.ActiveCfg = Release|Any CPU
		{2C2233FE-1F2A-4128-A46C-4ED13870E8F9}.Release|Any CPU.Build.0 = Release|Any CPU
		{2C2233FE-1F2A-4128-A46C-4ED13870E8F9}.Release|x64.ActiveCfg = Release|Any CPU
		{2C2233FE-1F2A-4128-A46C-4ED13870E8F9}.Release|x64.Build.0 = Release|Any CPU
		{2C2233FE-1F2A-4128-A46C-4ED13870E8F9}.Release|x86.ActiveCfg = Release|Any CPU
		{2C2233FE-1F2A-4128-A46C-4ED13870E8F9}.Release|x86.Build.0 = Release|Any CPU
	EndGlobalSection
	GlobalSection(SolutionProperties) = preSolution
		HideSolutionNode = FALSE
	EndGlobalSection
	GlobalSection(ExtensibilityGlobals) = postSolution
		SolutionGuid = {BFF50828-4B43-47C7-98A8-665769BF010C}
	EndGlobalSection
EndGlobal
